
Microsoft Visual Studio Solution File, Format Version 12.00
# Visual Studio Version 17
VisualStudioVersion = 17.2.32505.173
MinimumVisualStudioVersion = 10.0.40219.1
Project("{9A19103F-16F7-4668-BE54-9A1E7A4F7556}") = "A3_03WorkingWithMethods", "A3_03ObjectOrientedProgramming\A3_03WorkingWithMethods.csproj", "{9A9CA62A-35B9-4816-9135-BC323F78E2F3}"
EndProject
Project("{9A19103F-16F7-4668-BE54-9A1E7A4F7556}") = "A3_03DesigningAndBuildingClasses", "A3_03DesigningAndBuildingClasses\A3_03DesigningAndBuildingClasses.csproj", "{58E89D3E-9DA4-4ACD-99D8-B7084A274D90}"
EndProject
Project("{2150E333-8FDC-42A3-9474-1A3956D46DE8}") = "Test Your Knowledge", "Test Your Knowledge", "{261305DD-A85D-456D-BE2F-6D6D9488E2AD}"
	ProjectSection(SolutionItems) = preProject
		A3_Questions.txt = A3_Questions.txt
	EndProjectSection
EndProject
Global
	GlobalSection(SolutionConfigurationPlatforms) = preSolution
		Debug|Any CPU = Debug|Any CPU
		Release|Any CPU = Release|Any CPU
	EndGlobalSection
	GlobalSection(ProjectConfigurationPlatforms) = postSolution
		{9A9CA62A-35B9-4816-9135-BC323F78E2F3}.Debug|Any CPU.ActiveCfg = Debug|Any CPU
		{9A9CA62A-35B9-4816-9135-BC323F78E2F3}.Debug|Any CPU.Build.0 = Debug|Any CPU
		{9A9CA62A-35B9-4816-9135-BC323F78E2F3}.Release|Any CPU.ActiveCfg = Release|Any CPU
		{9A9CA62A-35B9-4816-9135-BC323F78E2F3}.Release|Any CPU.Build.0 = Release|Any CPU
		{58E89D3E-9DA4-4ACD-99D8-B7084A274D90}.Debug|Any CPU.ActiveCfg = Debug|Any CPU
		{58E89D3E-9DA4-4ACD-99D8-B7084A274D90}.Debug|Any CPU.Build.0 = Debug|Any CPU
		{58E89D3E-9DA4-4ACD-99D8-B7084A274D90}.Release|Any CPU.ActiveCfg = Release|Any CPU
		{58E89D3E-9DA4-4ACD-99D8-B7084A274D90}.Release|Any CPU.Build.0 = Release|Any CPU
	EndGlobalSection
	GlobalSection(SolutionProperties) = preSolution
		HideSolutionNode = FALSE
	EndGlobalSection
	GlobalSection(ExtensibilityGlobals) = postSolution
		SolutionGuid = {B74CA8DA-B5D9-4EE7-BDE1-E476023C05B2}
	EndGlobalSection
EndGlobal
